{
  "nodes": {
    "nixpkgs": {
      "locked": {
        "lastModified": 1711662157,
        "narHash": "sha256-LSMRyhCm8J4/lvXMnj/J/08PqYAuDMLyPx4Bbnqp4kI=",
        "owner": "nixos",
        "repo": "nixpkgs",
        "rev": "b68ab83ac527cf40679b9fcaf214973a2383f185",
        "type": "github"
      },
      "original": {
        "owner": "nixos",
        "repo": "nixpkgs",
        "type": "github"
      }
    },
    "root": {
      "inputs": {
        "nixpkgs": "nixpkgs"
      }
    }
  },
  "root": "root",
  "version": 7
}
