{
  "nodes": {
    "nixpkgs": {
      "locked": {
        "lastModified": 1711668602,
        "narHash": "sha256-fisYhnDMyEZN7SFg+NSW3OYSqltm/Gj6WBzXn3QzBjw=",
        "owner": "nixos",
        "repo": "nixpkgs",
        "rev": "8b5339b5070f65c2e78999ff6b061e879b02a425",
        "type": "github"
      },
      "original": {
        "owner": "nixos",
        "repo": "nixpkgs",
        "type": "github"
      }
    },
    "root": {
      "inputs": {
        "nixpkgs": "nixpkgs"
      }
    }
  },
  "root": "root",
  "version": 7
}
